
Microsoft Visual Studio Solution File, Format Version 12.00
# Visual Studio Version 16
VisualStudioVersion = 16.0.31605.320
MinimumVisualStudioVersion = 10.0.40219.1
Project("{8BC9CEB8-8B4A-11D0-8D11-00A0C91BC942}") = "SK-Lib-stddef.h-offsetof-Bagian2__C", "SK-Lib-stddef.h-offsetof-Bagian2__C\SK-Lib-stddef.h-offsetof-Bagian2__C.vcxproj", "{83FFA9A3-44F0-43C3-ACE9-BB7581BA92B5}"
EndProject
Global
	GlobalSection(SolutionConfigurationPlatforms) = preSolution
		Debug|x64 = Debug|x64
		Debug|x86 = Debug|x86
		Release|x64 = Release|x64
		Release|x86 = Release|x86
	EndGlobalSection
	GlobalSection(ProjectConfigurationPlatforms) = postSolution
		{83FFA9A3-44F0-43C3-ACE9-BB7581BA92B5}.Debug|x64.ActiveCfg = Debug|x64
		{83FFA9A3-44F0-43C3-ACE9-BB7581BA92B5}.Debug|x64.Build.0 = Debug|x64
		{83FFA9A3-44F0-43C3-ACE9-BB7581BA92B5}.Debug|x86.ActiveCfg = Debug|Win32
		{83FFA9A3-44F0-43C3-ACE9-BB7581BA92B5}.Debug|x86.Build.0 = Debug|Win32
		{83FFA9A3-44F0-43C3-ACE9-BB7581BA92B5}.Release|x64.ActiveCfg = Release|x64
		{83FFA9A3-44F0-43C3-ACE9-BB7581BA92B5}.Release|x64.Build.0 = Release|x64
		{83FFA9A3-44F0-43C3-ACE9-BB7581BA92B5}.Release|x86.ActiveCfg = Release|Win32
		{83FFA9A3-44F0-43C3-ACE9-BB7581BA92B5}.Release|x86.Build.0 = Release|Win32
	EndGlobalSection
	GlobalSection(SolutionProperties) = preSolution
		HideSolutionNode = FALSE
	EndGlobalSection
	GlobalSection(ExtensibilityGlobals) = postSolution
		SolutionGuid = {08F909A3-2300-443E-A50A-08927E1EC103}
	EndGlobalSection
EndGlobal
